
Microsoft Visual Studio Solution File, Format Version 12.00
# Visual Studio 14
VisualStudioVersion = 14.0.25420.1
MinimumVisualStudioVersion = 10.0.40219.1
Project("{FAE04EC0-301F-11D3-BF4B-00C04F79EFBC}") = "SerializConsolApp", "lb9\SerializConsolApp.csproj", "{E7275252-8BB3-4222-8002-55855379E7F8}"
EndProject
Project("{FAE04EC0-301F-11D3-BF4B-00C04F79EFBC}") = "ClassLib", "ClassLib\ClassLib.csproj", "{68C7FD3F-D9F7-43A0-8060-FBF2E660F761}"
EndProject
Project("{FAE04EC0-301F-11D3-BF4B-00C04F79EFBC}") = "DeserializConsolApp", "DeserializConsolApp\DeserializConsolApp.csproj", "{CF72CC3D-4053-4A38-948D-F3DBDA039372}"
EndProject
Global
	GlobalSection(SolutionConfigurationPlatforms) = preSolution
		Debug|Any CPU = Debug|Any CPU
		Release|Any CPU = Release|Any CPU
	EndGlobalSection
	GlobalSection(ProjectConfigurationPlatforms) = postSolution
		{E7275252-8BB3-4222-8002-55855379E7F8}.Debug|Any CPU.ActiveCfg = Debug|Any CPU
		{E7275252-8BB3-4222-8002-55855379E7F8}.Debug|Any CPU.Build.0 = Debug|Any CPU
		{E7275252-8BB3-4222-8002-55855379E7F8}.Release|Any CPU.ActiveCfg = Release|Any CPU
		{E7275252-8BB3-4222-8002-55855379E7F8}.Release|Any CPU.Build.0 = Release|Any CPU
		{68C7FD3F-D9F7-43A0-8060-FBF2E660F761}.Debug|Any CPU.ActiveCfg = Debug|Any CPU
		{68C7FD3F-D9F7-43A0-8060-FBF2E660F761}.Debug|Any CPU.Build.0 = Debug|Any CPU
		{68C7FD3F-D9F7-43A0-8060-FBF2E660F761}.Release|Any CPU.ActiveCfg = Release|Any CPU
		{68C7FD3F-D9F7-43A0-8060-FBF2E660F761}.Release|Any CPU.Build.0 = Release|Any CPU
		{CF72CC3D-4053-4A38-948D-F3DBDA039372}.Debug|Any CPU.ActiveCfg = Debug|Any CPU
		{CF72CC3D-4053-4A38-948D-F3DBDA039372}.Debug|Any CPU.Build.0 = Debug|Any CPU
		{CF72CC3D-4053-4A38-948D-F3DBDA039372}.Release|Any CPU.ActiveCfg = Release|Any CPU
		{CF72CC3D-4053-4A38-948D-F3DBDA039372}.Release|Any CPU.Build.0 = Release|Any CPU
	EndGlobalSection
	GlobalSection(SolutionProperties) = preSolution
		HideSolutionNode = FALSE
	EndGlobalSection
EndGlobal
